{
    "_meta": {
        "hash": {
            "sha256": "5fd158ed9353e70b08384c33d96f9201a9282e22f1ea61694ac408e048c3d324"
        },
        "pipfile-spec": 6,
        "requires": {
            "python_version": "3.6"
        },
        "sources": [
            {
                "name": "pypi",
                "url": "https://pypi.org/simple",
                "verify_ssl": true
            }
        ]
    },
    "default": {
        "elasticsearch": {
            "hashes": [
                "sha256:0140787216646e1eb7eb001f8146aff7071d7ca438854249787b6cc221ddd266",
                "sha256:283a6afa5dc08c21016c295b5237fbd9c74895b0b297ceb97c879ec7d67a5f47"
            ],
            "index": "pypi",
            "version": "==7.1.0"
        },
        "progressbar2": {
            "hashes": [
                "sha256:7538d02045a1fd3aa2b2834bfda463da8755bd3ff050edc6c5ddff3bc616215f",
                "sha256:eb774d1e0d03ea4730f381c13c2c6ae7abb5ddfb14d8321d7a58a61aa708f0d0"
            ],
            "index": "pypi",
            "version": "==3.47.0"
        },
        "python-utils": {
            "hashes": [
                "sha256:18fbc1a1df9a9061e3059a48ebe5c8a66b654d688b0e3ecca8b339a7f168f208",
                "sha256:352d5b1febeebf9b3cdb9f3c87a3b26ef22d3c9e274a8ec1e7048ecd2fac4349"
            ],
            "version": "==2.5.6"
        },
        "six": {
            "hashes": [
                "sha256:1e61c37477a1626458e36f7b1d82aa5c9b094fa4802892072e49de9c60c4c926",
                "sha256:8abb2f1d86890a2dfb989f9a77cfcfd3e47c2a354b01111771326f8aa26e0254"
            ],
            "version": "==1.16.0"
        },
        "termcolor": {
            "hashes": [
                "sha256:1d6d69ce66211143803fbc56652b41d73b4a400a2891d7bf7a1cdf4c02de613b"
            ],
            "index": "pypi",
            "version": "==1.1.0"
        },
        "urllib3": {
            "hashes": [
                "sha256:753a0374df26658f99d826cfe40394a686d05985786d946fbe4165b5148f5a7c",
                "sha256:a7acd0977125325f516bda9735fa7142b909a8d01e8b2e4c8108d0984e6e0098"
            ],
            "index": "pypi",
            "version": "==1.26.5"
        }
    },
    "develop": {}
}
